{
    "_readme": [
        "This file locks the dependencies of your project to a known state",
        "Read more about it at http://getcomposer.org/doc/01-basic-usage.md#composer-lock-the-lock-file",
        "This file is @generated automatically"
    ],
    "hash": "a211b1f0bdba14e0fdaff6f6ba7cbc2e",
    "packages": [
        {
            "name": "illuminate/support",
            "version": "v4.2.16",
            "target-dir": "Illuminate/Support",
            "source": {
                "type": "git",
                "url": "https://github.com/illuminate/support.git",
                "reference": "015f51f4d8cb3d9a29e7fe7932843acf15232941"
            },
            "dist": {
                "type": "zip",
                "url": "https://api.github.com/repos/illuminate/support/zipball/015f51f4d8cb3d9a29e7fe7932843acf15232941",
                "reference": "015f51f4d8cb3d9a29e7fe7932843acf15232941",
                "shasum": ""
            },
            "require": {
                "php": ">=5.4.0"
            },
            "require-dev": {
                "jeremeamia/superclosure": "~1.0.1",
                "patchwork/utf8": "1.1.*"
            },
            "type": "library",
            "extra": {
                "branch-alias": {
                    "dev-master": "4.2-dev"
                }
            },
            "autoload": {
                "psr-0": {
                    "Illuminate\\Support": ""
                },
                "files": [
                    "Illuminate/Support/helpers.php"
                ]
            },
            "notification-url": "https://packagist.org/downloads/",
            "license": [
                "MIT"
            ],
            "authors": [
                {
                    "name": "Taylor Otwell",
                    "email": "taylorotwell@gmail.com"
                }
            ],
            "time": "2014-12-19 18:02:33"
        },
        {
            "name": "itsgoingd/slim-facades",
            "version": "dev-master",
            "source": {
                "type": "git",
                "url": "https://github.com/itsgoingd/slim-facades.git",
                "reference": "a8a9a0d2ab4a350ba2d6790efead1098191269cc"
            },
            "dist": {
                "type": "zip",
                "url": "https://api.github.com/repos/itsgoingd/slim-facades/zipball/a8a9a0d2ab4a350ba2d6790efead1098191269cc",
                "reference": "a8a9a0d2ab4a350ba2d6790efead1098191269cc",
                "shasum": ""
            },
            "require": {
                "illuminate/support": ">=4.0",
                "php": ">=5.3.0",
                "slim/slim": ">=2.3.0"
            },
            "type": "library",
            "autoload": {
                "psr-0": {
                    "SlimFacades": ""
                }
            },
            "notification-url": "https://packagist.org/downloads/",
            "license": [
                "MIT"
            ],
            "authors": [
                {
                    "name": "itsgoingd",
                    "email": "itsgoingd@luzer.sk",
                    "homepage": "http://twitter.com/itsgoingd"
                }
            ],
            "description": "\"Static\" interface for various Slim features",
            "homepage": "http://github.com/itsgoingd/slim-facades",
            "keywords": [
                "microframework",
                "slim"
            ],
            "time": "2014-12-03 23:53:31"
        },
        {
            "name": "j4mie/idiorm",
            "version": "v1.5.1",
            "source": {
                "type": "git",
                "url": "https://github.com/j4mie/idiorm.git",
                "reference": "b0922d8719a94e3a0e0e4a0ca3876f4f91475dcf"
            },
            "dist": {
                "type": "zip",
                "url": "https://api.github.com/repos/j4mie/idiorm/zipball/b0922d8719a94e3a0e0e4a0ca3876f4f91475dcf",
                "reference": "b0922d8719a94e3a0e0e4a0ca3876f4f91475dcf",
                "shasum": ""
            },
            "require": {
                "php": ">=5.2.0"
            },
            "type": "library",
            "autoload": {
                "classmap": [
                    "idiorm.php"
                ]
            },
            "notification-url": "https://packagist.org/downloads/",
            "license": [
                "BSD-2-Clause",
                "BSD-3-Clause",
                "BSD-4-Clause"
            ],
            "authors": [
                {
                    "name": "Simon Holywell",
                    "email": "treffynnon@php.net",
                    "homepage": "http://simonholywell.com",
                    "role": "Maintainer"
                },
                {
                    "name": "Jamie Matthews",
                    "email": "jamie.matthews@gmail.com",
                    "homepage": "http://j4mie.org",
                    "role": "Developer"
                },
                {
                    "name": "Durham Hale",
                    "email": "me@durhamhale.com",
                    "homepage": "http://durhamhale.com",
                    "role": "Maintainer"
                }
            ],
            "description": "A lightweight nearly-zero-configuration object-relational mapper and fluent query builder for PHP5",
            "homepage": "http://j4mie.github.com/idiormandparis",
            "keywords": [
                "idiorm",
                "orm",
                "query builder"
            ],
            "time": "2014-06-23 13:08:57"
        },
        {
            "name": "j4mie/paris",
            "version": "v1.5.4",
            "source": {
                "type": "git",
                "url": "https://github.com/j4mie/paris.git",
                "reference": "6cd7a3d8ffb721068dd58e508a8121b92b4068b8"
            },
            "dist": {
                "type": "zip",
                "url": "https://api.github.com/repos/j4mie/paris/zipball/6cd7a3d8ffb721068dd58e508a8121b92b4068b8",
                "reference": "6cd7a3d8ffb721068dd58e508a8121b92b4068b8",
                "shasum": ""
            },
            "require": {
                "j4mie/idiorm": "1.5.*",
                "php": ">=5.2.0"
            },
            "type": "library",
            "autoload": {
                "classmap": [
                    "paris.php"
                ]
            },
            "notification-url": "https://packagist.org/downloads/",
            "license": [
                "BSD-2-Clause",
                "BSD-3-Clause",
                "BSD-4-Clause"
            ],
            "authors": [
                {
                    "name": "Simon Holywell",
                    "email": "treffynnon@php.net",
                    "homepage": "http://simonholywell.com",
                    "role": "Maintainer"
                },
                {
                    "name": "Jamie Matthews",
                    "email": "jamie.matthews@gmail.com",
                    "homepage": "http://j4mie.org",
                    "role": "Developer"
                },
                {
                    "name": "Durham Hale",
                    "email": "me@durhamhale.com",
                    "homepage": "http://durhamhale.com",
                    "role": "Maintainer"
                }
            ],
            "description": "A lightweight Active Record implementation for PHP5, built on top of Idiorm",
            "homepage": "http://j4mie.github.com/idiormandparis",
            "keywords": [
                "Active Record",
                "model",
                "orm",
                "paris"
            ],
            "time": "2014-09-23 10:49:36"
        },
        {
            "name": "respect/validation",
            "version": "0.7.3",
            "source": {
                "type": "git",
                "url": "https://github.com/Respect/Validation.git",
                "reference": "cbd06954c2e561209afdd76984ab8a3399af501f"
            },
            "dist": {
                "type": "zip",
                "url": "https://api.github.com/repos/Respect/Validation/zipball/cbd06954c2e561209afdd76984ab8a3399af501f",
                "reference": "cbd06954c2e561209afdd76984ab8a3399af501f",
                "shasum": ""
            },
            "require": {
                "php": ">=5.3.0"
            },
            "require-dev": {
                "phpunit/phpunit": "~4.0",
                "symfony/validator": "~2.6",
                "zendframework/zend-validator": "~2.3"
            },
            "suggest": {
                "ext-bcmath": "Arbitrary Precision Mathematics",
                "ext-mbstring": "Multibyte String Functions"
            },
            "type": "library",
            "extra": {
                "branch-alias": {
                    "dev-master": "0.7-dev"
                }
            },
            "autoload": {
                "psr-4": {
                    "Respect\\Validation\\": "library/"
                }
            },
            "notification-url": "https://packagist.org/downloads/",
            "license": [
                "BSD Style"
            ],
            "authors": [
                {
                    "name": "Respect/Validation Contributors",
                    "homepage": "https://github.com/Respect/Validation/graphs/contributors"
                }
            ],
            "description": "The most awesome validation engine ever created for PHP",
            "homepage": "http://respect.li",
            "keywords": [
                "respect",
                "validation",
                "validator"
            ],
            "time": "2015-01-19 23:08:17"
        },
        {
            "name": "rimelek/i18n",
            "version": "dev-master",
            "source": {
                "type": "git",
                "url": "https://github.com/rimelek/i18n.git",
                "reference": "3fcbfb857bcebeed2587e679553abea17b02dfce"
            },
            "dist": {
                "type": "zip",
                "url": "https://api.github.com/repos/rimelek/i18n/zipball/3fcbfb857bcebeed2587e679553abea17b02dfce",
                "reference": "3fcbfb857bcebeed2587e679553abea17b02dfce",
                "shasum": ""
            },
            "type": "library",
            "autoload": {
                "psr-4": {
                    "Rimelek\\I18n\\": "src/"
                }
            },
            "notification-url": "https://packagist.org/downloads/",
            "license": [
                "MIT"
            ],
            "authors": [
                {
                    "name": "Takács Ákos",
                    "email": "rimelek@rimelek.hu",
                    "homepage": "http://rimelek.hu"
                }
            ],
            "description": "Library for multilingual PHP applications to choose a language",
            "time": "2014-12-27 09:43:36"
        },
        {
            "name": "slim/logger",
            "version": "0.1.0",
            "source": {
                "type": "git",
                "url": "https://github.com/codeguy/Slim-Logger.git",
                "reference": "ad3a2e62236f5d37056de9a4586659edc8164937"
            },
            "dist": {
                "type": "zip",
                "url": "https://api.github.com/repos/codeguy/Slim-Logger/zipball/ad3a2e62236f5d37056de9a4586659edc8164937",
                "reference": "ad3a2e62236f5d37056de9a4586659edc8164937",
                "shasum": ""
            },
            "require": {
                "php": ">=5.3.0",
                "slim/slim": ">=2.4.0"
            },
            "type": "library",
            "autoload": {
                "psr-4": {
                    "Slim\\Logger\\": ""
                }
            },
            "notification-url": "https://packagist.org/downloads/",
            "license": [
                "MIT"
            ],
            "authors": [
                {
                    "name": "Josh Lockhart",
                    "email": "info@joshlockhart.com",
                    "homepage": "http://www.joshlockhart.com/"
                }
            ],
            "description": "Slim Framework logger",
            "time": "2014-07-16 20:11:26"
        },
        {
            "name": "slim/slim",
            "version": "2.5.0",
            "source": {
                "type": "git",
                "url": "https://github.com/codeguy/Slim.git",
                "reference": "04958a10ed95bc7bc97568e573877d4f9b62db48"
            },
            "dist": {
                "type": "zip",
                "url": "https://api.github.com/repos/codeguy/Slim/zipball/04958a10ed95bc7bc97568e573877d4f9b62db48",
                "reference": "04958a10ed95bc7bc97568e573877d4f9b62db48",
                "shasum": ""
            },
            "require": {
                "php": ">=5.3.0"
            },
            "suggest": {
                "ext-mcrypt": "Required for HTTP cookie encryption"
            },
            "type": "library",
            "autoload": {
                "psr-0": {
                    "Slim": "."
                }
            },
            "notification-url": "https://packagist.org/downloads/",
            "license": [
                "MIT"
            ],
            "authors": [
                {
                    "name": "Josh Lockhart",
                    "email": "info@joshlockhart.com",
                    "homepage": "http://www.joshlockhart.com/"
                }
            ],
            "description": "Slim Framework, a PHP micro framework",
            "homepage": "http://github.com/codeguy/Slim",
            "keywords": [
                "microframework",
                "rest",
                "router"
            ],
            "time": "2014-12-09 19:59:29"
        },
        {
            "name": "slim/strong",
            "version": "dev-master",
            "source": {
                "type": "git",
                "url": "https://github.com/silentworks/Strong.git",
                "reference": "1af2dc2f49f14521bda280a3b91c8fef54f67fc0"
            },
            "dist": {
                "type": "zip",
                "url": "https://api.github.com/repos/silentworks/Strong/zipball/1af2dc2f49f14521bda280a3b91c8fef54f67fc0",
                "reference": "1af2dc2f49f14521bda280a3b91c8fef54f67fc0",
                "shasum": ""
            },
            "require": {
                "php": ">=5.3.0"
            },
            "type": "library",
            "autoload": {
                "psr-0": {
                    "Strong": "src/"
                }
            },
            "notification-url": "https://packagist.org/downloads/",
            "license": [
                "MIT"
            ],
            "authors": [
                {
                    "name": "Andrew Smith",
                    "email": "a.smith@silentworks.co.uk",
                    "homepage": "http://www.silentworks.co.uk/"
                },
                {
                    "name": "Jakub Westfalewski",
                    "email": "jwest@jwest.pl",
                    "homepage": "http://jwest.pl/"
                }
            ],
            "description": "Authentication Library with multiple drivers",
            "homepage": "http://github.com/silentworks/Strong",
            "keywords": [
                "Authentication",
                "extensions"
            ],
            "time": "2012-12-31 10:57:13"
        },
        {
            "name": "slim/views",
            "version": "0.1.3",
            "source": {
                "type": "git",
                "url": "https://github.com/codeguy/Slim-Views.git",
                "reference": "8561c785e55a39df6cb6f95c3aba3281a60ed5b0"
            },
            "dist": {
                "type": "zip",
                "url": "https://api.github.com/repos/codeguy/Slim-Views/zipball/8561c785e55a39df6cb6f95c3aba3281a60ed5b0",
                "reference": "8561c785e55a39df6cb6f95c3aba3281a60ed5b0",
                "shasum": ""
            },
            "require": {
                "php": ">=5.3.0",
                "slim/slim": ">=2.4.0"
            },
            "suggest": {
                "smarty/smarty": "Smarty templating system",
                "twig/twig": "Twig templating system"
            },
            "type": "library",
            "autoload": {
                "psr-4": {
                    "Slim\\Views\\": "./"
                }
            },
            "notification-url": "https://packagist.org/downloads/",
            "license": [
                "MIT"
            ],
            "authors": [
                {
                    "name": "Josh Lockhart",
                    "email": "info@joshlockhart.com",
                    "homepage": "http://www.joshlockhart.com/"
                },
                {
                    "name": "Andrew Smith",
                    "email": "a.smith@silentworks.co.uk",
                    "homepage": "http://thoughts.silentworks.co.uk/"
                }
            ],
            "description": "Smarty and Twig View Parser package for the Slim Framework",
            "homepage": "http://github.com/codeguy/Slim-Views",
            "keywords": [
                "extensions",
                "slimphp",
                "templating"
            ],
            "time": "2014-12-09 23:48:51"
        },
        {
            "name": "twig/twig",
            "version": "v1.17.0",
            "source": {
                "type": "git",
                "url": "https://github.com/twigphp/Twig.git",
                "reference": "2493970fa4d587eca73f77e6d8bd48a8bdd4c608"
            },
            "dist": {
                "type": "zip",
                "url": "https://api.github.com/repos/twigphp/Twig/zipball/2493970fa4d587eca73f77e6d8bd48a8bdd4c608",
                "reference": "2493970fa4d587eca73f77e6d8bd48a8bdd4c608",
                "shasum": ""
            },
            "require": {
                "php": ">=5.2.4"
            },
            "type": "library",
            "extra": {
                "branch-alias": {
                    "dev-master": "1.17-dev"
                }
            },
            "autoload": {
                "psr-0": {
                    "Twig_": "lib/"
                }
            },
            "notification-url": "https://packagist.org/downloads/",
            "license": [
                "BSD-3-Clause"
            ],
            "authors": [
                {
                    "name": "Fabien Potencier",
                    "email": "fabien@symfony.com",
                    "homepage": "http://fabien.potencier.org",
                    "role": "Lead Developer"
                },
                {
                    "name": "Armin Ronacher",
                    "email": "armin.ronacher@active-4.com",
                    "role": "Project Founder"
                },
                {
                    "name": "Twig Team",
                    "homepage": "http://twig.sensiolabs.org/contributors",
                    "role": "Contributors"
                }
            ],
            "description": "Twig, the flexible, fast, and secure template language for PHP",
            "homepage": "http://twig.sensiolabs.org",
            "keywords": [
                "templating"
            ],
            "time": "2015-01-14 10:15:49"
        }
    ],
    "packages-dev": [],
    "aliases": [],
    "minimum-stability": "stable",
    "stability-flags": {
        "slim/strong": 20,
        "itsgoingd/slim-facades": 20,
        "rimelek/i18n": 20
    },
    "prefer-stable": false,
    "prefer-lowest": false,
    "platform": [],
    "platform-dev": []
}
